
Microsoft Visual Studio Solution File, Format Version 12.00
# Visual Studio Version 16
VisualStudioVersion = 16.0.29215.179
MinimumVisualStudioVersion = 10.0.40219.1
Project("{FAE04EC0-301F-11D3-BF4B-00C04F79EFBC}") = "BenchmarkDotNetSample", "BenchmarkDotNetSample\BenchmarkDotNetSample.csproj", "{1DC60171-9619-4E29-962B-C29E594F66CD}"
EndProject
Global
	GlobalSection(SolutionConfigurationPlatforms) = preSolution
		Debug|Any CPU = Debug|Any CPU
		Release|Any CPU = Release|Any CPU
	EndGlobalSection
	GlobalSection(ProjectConfigurationPlatforms) = postSolution
		{1DC60171-9619-4E29-962B-C29E594F66CD}.Debug|Any CPU.ActiveCfg = Debug|Any CPU
		{1DC60171-9619-4E29-962B-C29E594F66CD}.Debug|Any CPU.Build.0 = Debug|Any CPU
		{1DC60171-9619-4E29-962B-C29E594F66CD}.Release|Any CPU.ActiveCfg = Release|Any CPU
		{1DC60171-9619-4E29-962B-C29E594F66CD}.Release|Any CPU.Build.0 = Release|Any CPU
	EndGlobalSection
	GlobalSection(SolutionProperties) = preSolution
		HideSolutionNode = FALSE
	EndGlobalSection
	GlobalSection(ExtensibilityGlobals) = postSolution
		SolutionGuid = {AC682E0C-6EB0-43FE-9EA8-4DD6556EF019}
	EndGlobalSection
EndGlobal
